
Microsoft Visual Studio Solution File, Format Version 12.00
# Visual Studio 15
VisualStudioVersion = 15.0.27130.2010
MinimumVisualStudioVersion = 10.0.40219.1
Project("{FAE04EC0-301F-11D3-BF4B-00C04F79EFBC}") = "Injection", "src\Injection\Injection.csproj", "{86749932-F354-437C-B8CB-226CD01C5CC1}"
EndProject
Project("{2150E333-8FDC-42A3-9474-1A3956D46DE8}") = "src", "src", "{409A646F-406A-437C-955D-22405C47FE54}"
EndProject
Project("{2150E333-8FDC-42A3-9474-1A3956D46DE8}") = "test", "test", "{61A3C529-506C-4514-831A-FF9FD3FE7313}"
EndProject
Project("{FAE04EC0-301F-11D3-BF4B-00C04F79EFBC}") = "Injection.Extensions", "src\Injection.Extensions\Injection.Extensions.csproj", "{35F574D3-2269-4C5A-A175-382B80D99490}"
EndProject
Project("{FAE04EC0-301F-11D3-BF4B-00C04F79EFBC}") = "Injection.Tests", "test\Injection.Tests\Injection.Tests.csproj", "{A58A6CA2-0931-45C1-B2BE-5D809AB51168}"
EndProject
Project("{FAE04EC0-301F-11D3-BF4B-00C04F79EFBC}") = "ObjectBuilder", "src\ObjectBuilder\ObjectBuilder.csproj", "{D669BA4F-DDE4-4DF2-B025-6F993B167861}"
EndProject
Global
	GlobalSection(SolutionConfigurationPlatforms) = preSolution
		Debug|Any CPU = Debug|Any CPU
		Release|Any CPU = Release|Any CPU
	EndGlobalSection
	GlobalSection(ProjectConfigurationPlatforms) = postSolution
		{86749932-F354-437C-B8CB-226CD01C5CC1}.Debug|Any CPU.ActiveCfg = Debug|Any CPU
		{86749932-F354-437C-B8CB-226CD01C5CC1}.Debug|Any CPU.Build.0 = Debug|Any CPU
		{86749932-F354-437C-B8CB-226CD01C5CC1}.Release|Any CPU.ActiveCfg = Release|Any CPU
		{86749932-F354-437C-B8CB-226CD01C5CC1}.Release|Any CPU.Build.0 = Release|Any CPU
		{35F574D3-2269-4C5A-A175-382B80D99490}.Debug|Any CPU.ActiveCfg = Debug|Any CPU
		{35F574D3-2269-4C5A-A175-382B80D99490}.Debug|Any CPU.Build.0 = Debug|Any CPU
		{35F574D3-2269-4C5A-A175-382B80D99490}.Release|Any CPU.ActiveCfg = Release|Any CPU
		{35F574D3-2269-4C5A-A175-382B80D99490}.Release|Any CPU.Build.0 = Release|Any CPU
		{A58A6CA2-0931-45C1-B2BE-5D809AB51168}.Debug|Any CPU.ActiveCfg = Debug|Any CPU
		{A58A6CA2-0931-45C1-B2BE-5D809AB51168}.Debug|Any CPU.Build.0 = Debug|Any CPU
		{A58A6CA2-0931-45C1-B2BE-5D809AB51168}.Release|Any CPU.ActiveCfg = Release|Any CPU
		{A58A6CA2-0931-45C1-B2BE-5D809AB51168}.Release|Any CPU.Build.0 = Release|Any CPU
		{D669BA4F-DDE4-4DF2-B025-6F993B167861}.Debug|Any CPU.ActiveCfg = Debug|Any CPU
		{D669BA4F-DDE4-4DF2-B025-6F993B167861}.Debug|Any CPU.Build.0 = Debug|Any CPU
		{D669BA4F-DDE4-4DF2-B025-6F993B167861}.Release|Any CPU.ActiveCfg = Release|Any CPU
		{D669BA4F-DDE4-4DF2-B025-6F993B167861}.Release|Any CPU.Build.0 = Release|Any CPU
	EndGlobalSection
	GlobalSection(SolutionProperties) = preSolution
		HideSolutionNode = FALSE
	EndGlobalSection
	GlobalSection(NestedProjects) = preSolution
		{86749932-F354-437C-B8CB-226CD01C5CC1} = {409A646F-406A-437C-955D-22405C47FE54}
		{35F574D3-2269-4C5A-A175-382B80D99490} = {409A646F-406A-437C-955D-22405C47FE54}
		{A58A6CA2-0931-45C1-B2BE-5D809AB51168} = {61A3C529-506C-4514-831A-FF9FD3FE7313}
		{D669BA4F-DDE4-4DF2-B025-6F993B167861} = {409A646F-406A-437C-955D-22405C47FE54}
	EndGlobalSection
	GlobalSection(ExtensibilityGlobals) = postSolution
		SolutionGuid = {B0109B7B-AF91-445E-8FDC-63DC1C32484D}
	EndGlobalSection
EndGlobal
